
Microsoft Visual Studio Solution File, Format Version 12.00
# Visual Studio Version 17
VisualStudioVersion = 17.9.34701.34
MinimumVisualStudioVersion = 10.0.40219.1
Project("{FAE04EC0-301F-11D3-BF4B-00C04F79EFBC}") = "homePrakticee", "homePrakticee\homePrakticee.csproj", "{CC4F4356-8AC6-4F75-9625-06F0F7E1B2A9}"
EndProject
Global
	GlobalSection(SolutionConfigurationPlatforms) = preSolution
		Debug|Any CPU = Debug|Any CPU
		Release|Any CPU = Release|Any CPU
	EndGlobalSection
	GlobalSection(ProjectConfigurationPlatforms) = postSolution
		{CC4F4356-8AC6-4F75-9625-06F0F7E1B2A9}.Debug|Any CPU.ActiveCfg = Debug|Any CPU
		{CC4F4356-8AC6-4F75-9625-06F0F7E1B2A9}.Debug|Any CPU.Build.0 = Debug|Any CPU
		{CC4F4356-8AC6-4F75-9625-06F0F7E1B2A9}.Release|Any CPU.ActiveCfg = Release|Any CPU
		{CC4F4356-8AC6-4F75-9625-06F0F7E1B2A9}.Release|Any CPU.Build.0 = Release|Any CPU
	EndGlobalSection
	GlobalSection(SolutionProperties) = preSolution
		HideSolutionNode = FALSE
	EndGlobalSection
	GlobalSection(ExtensibilityGlobals) = postSolution
		SolutionGuid = {DEC3C1E9-AE7B-4EFC-9DDD-9C7A372C66F4}
	EndGlobalSection
EndGlobal
